# This file is generated by running "yarn install" inside your project.
# Manual changes might be lost - proceed with caution!

__metadata:
  version: 5
  cacheKey: 8

"auto-bind@npm:^5.0.1":
  version: 5.0.1
  resolution: "auto-bind@npm:5.0.1"
  checksum: 44a6d8d040c4382e761922f8fa1b044e18ddefbc855fecee0c76ec6b4e6fc74adda21026bc86e190833e05f52b4b6615372c2a83a734858f8395b1e2a98b253a
  languageName: node
  linkType: hard

"axios@npm:^0.24.0":
  version: 0.24.0
  resolution: "axios@npm:0.24.0"
  dependencies:
    follow-redirects: ^1.14.4
  checksum: 468cf496c08a6aadfb7e699bebdac02851e3043d4e7d282350804ea8900e30d368daa6e3cd4ab83b8ddb5a3b1e17a5a21ada13fc9cebd27b74828f47a4236316
  languageName: node
  linkType: hard

"follow-redirects@npm:^1.14.4":
  version: 1.14.6
  resolution: "follow-redirects@npm:1.14.6"
  peerDependenciesMeta:
    debug:
      optional: true
  checksum: 7fcdb089a733d2aa39041880790e9f772df009fcd0b243fee7e10acf0e14a8dab5208cf79eb1de35b9cc6033d4dde7f95becadfaa360c50d460b4c730b375e80
  languageName: node
  linkType: hard

"js-client@workspace:.":
  version: 0.0.0-use.local
  resolution: "js-client@workspace:."
  dependencies:
    auto-bind: ^5.0.1
    axios: ^0.24.0
  languageName: unknown
  linkType: soft
